
Microsoft Visual Studio Solution File, Format Version 12.00
# Visual Studio 15
VisualStudioVersion = 15.0.28307.645
MinimumVisualStudioVersion = 10.0.40219.1
Project("{FAE04EC0-301F-11D3-BF4B-00C04F79EFBC}") = "apimycell", "apimycell\apimycell.csproj", "{6CC6693F-D82E-445E-B2A6-C90C31E05CD4}"
EndProject
Global
	GlobalSection(SolutionConfigurationPlatforms) = preSolution
		Debug|Any CPU = Debug|Any CPU
		Release|Any CPU = Release|Any CPU
	EndGlobalSection
	GlobalSection(ProjectConfigurationPlatforms) = postSolution
		{6CC6693F-D82E-445E-B2A6-C90C31E05CD4}.Debug|Any CPU.ActiveCfg = Debug|Any CPU
		{6CC6693F-D82E-445E-B2A6-C90C31E05CD4}.Debug|Any CPU.Build.0 = Debug|Any CPU
		{6CC6693F-D82E-445E-B2A6-C90C31E05CD4}.Release|Any CPU.ActiveCfg = Release|Any CPU
		{6CC6693F-D82E-445E-B2A6-C90C31E05CD4}.Release|Any CPU.Build.0 = Release|Any CPU
	EndGlobalSection
	GlobalSection(SolutionProperties) = preSolution
		HideSolutionNode = FALSE
	EndGlobalSection
	GlobalSection(ExtensibilityGlobals) = postSolution
		SolutionGuid = {82D16E4F-5D80-4EB0-B6EA-234D48A28A24}
	EndGlobalSection
EndGlobal
